<?xml version="1.0" encoding="utf-8"?>
<Project ToolsVersion="4.0" xmlns="http://schemas.microsoft.com/developer/msbuild/2003">
  <ItemGroup>
    <Filter Include="Source Files">
      <UniqueIdentifier>{4FC737F1-C7A5-4376-A066-2A32D752A2FF}</UniqueIdentifier>
      <Extensions>cpp;c;cc;cxx;def;odl;idl;hpj;bat;asm;asmx</Extensions>
    </Filter>
    <Filter Include="Header Files">
      <UniqueIdentifier>{93995380-89BD-4b04-88EB-625FBE52EBFB}</UniqueIdentifier>
      <Extensions>h;hh;hpp;hxx;hm;inl;inc;ipp;xsd</Extensions>
    </Filter>
    <Filter Include="Resource Files">
      <UniqueIdentifier>{67DA6AB6-F800-4c08-8B7A-83BB121AAD01}</UniqueIdentifier>
      <Extensions>rc;ico;cur;bmp;dlg;rc2;rct;bin;rgs;gif;jpg;jpeg;jpe;resx;tiff;tif;png;wav;mfcribbon-ms</Extensions>
    </Filter>
  </ItemGroup>
  <ItemGroup>
    <ClCompile Include="main.cpp">
      <Filter>Source Files</Filter>
    </ClCompile>
    <ClCompile Include="Card.cpp">
      <Filter>Source Files</Filter>
    </ClCompile>
    <ClCompile Include="EllipseShape.cpp">
      <Filter>Source Files</Filter>
    </ClCompile>
    <ClCompile Include="DrawableShape.cpp">
      <Filter>Source Files</Filter>
    </ClCompile>
    <ClCompile Include="DrawableObjectGroup.cpp">
      <Filter>Source Files</Filter>
    </ClCompile>
    <ClCompile Include="CardFrontObjectGroup.cpp">
      <Filter>Source Files</Filter>
    </ClCompile>
    <ClCompile Include="DrawableText.cpp">
      <Filter>Source Files</Filter>
    </ClCompile>
    <ClCompile Include="ArcShape.cpp">
      <Filter>Source Files</Filter>
    </ClCompile>
    <ClCompile Include="CardBackGroupObject.cpp">
      <Filter>Source Files</Filter>
    </ClCompile>
    <ClCompile Include="Deck.cpp">
      <Filter>Source Files</Filter>
    </ClCompile>
    <ClCompile Include="Player.cpp">
      <Filter>Source Files</Filter>
    </ClCompile>
    <ClCompile Include="AIPlayer.cpp">
      <Filter>Source Files</Filter>
    </ClCompile>
    <ClCompile Include="RuleSet.cpp">
      <Filter>Source Files</Filter>
    </ClCompile>
    <ClCompile Include="LobbyPlayer.cpp">
      <Filter>Source Files</Filter>
    </ClCompile>
    <ClCompile Include="Button.cpp">
      <Filter>Source Files</Filter>
    </ClCompile>
    <ClCompile Include="TurnAction.cpp">
      <Filter>Source Files</Filter>
    </ClCompile>
    <ClCompile Include="TurnActionSequence.cpp">
      <Filter>Source Files</Filter>
    </ClCompile>
    <ClCompile Include="TurnDecisionAction.cpp">
      <Filter>Source Files</Filter>
    </ClCompile>
    <ClCompile Include="OverlayManager.cpp">
      <Filter>Source Files</Filter>
    </ClCompile>
    <ClCompile Include="CurrentGameInterface.cpp">
      <Filter>Source Files</Filter>
    </ClCompile>
    <ClCompile Include="RecentCardPile.cpp">
      <Filter>Source Files</Filter>
    </ClCompile>
    <ClCompile Include="PlayDirectionAnimation.cpp">
      <Filter>Source Files</Filter>
    </ClCompile>
    <ClCompile Include="Game.cpp">
      <Filter>Source Files</Filter>
    </ClCompile>
    <ClCompile Include="PauseInterface.cpp">
      <Filter>Source Files</Filter>
    </ClCompile>
    <ClCompile Include="KeepOrPlayOverlay.cpp">
      <Filter>Source Files</Filter>
    </ClCompile>
    <ClCompile Include="PolygonShape.cpp">
      <Filter>Source Files</Filter>
    </ClCompile>
    <ClCompile Include="ChallengeFailedOverlay.cpp">
      <Filter>Source Files</Filter>
    </ClCompile>
    <ClCompile Include="ChallengeOverlay.cpp">
      <Filter>Source Files</Filter>
    </ClCompile>
    <ClCompile Include="ChallengeSuccessOverlay.cpp">
      <Filter>Source Files</Filter>
    </ClCompile>
  </ItemGroup>
  <ItemGroup>
    <ClInclude Include="Card.h">
      <Filter>Header Files</Filter>
    </ClInclude>
    <ClInclude Include="DrawableObject.h">
      <Filter>Header Files</Filter>
    </ClInclude>
    <ClInclude Include="EllipseShape.h">
      <Filter>Header Files</Filter>
    </ClInclude>
    <ClInclude Include="DrawableShape.h">
      <Filter>Header Files</Filter>
    </ClInclude>
    <ClInclude Include="DrawableObjectGroup.h">
      <Filter>Header Files</Filter>
    </ClInclude>
    <ClInclude Include="CardFrontObjectGroup.h">
      <Filter>Header Files</Filter>
    </ClInclude>
    <ClInclude Include="DrawableText.h">
      <Filter>Header Files</Filter>
    </ClInclude>
    <ClInclude Include="ArcShape.h">
      <Filter>Header Files</Filter>
    </ClInclude>
    <ClInclude Include="CardBackGroupObject.h">
      <Filter>Header Files</Filter>
    </ClInclude>
    <ClInclude Include="WndInterface.h">
      <Filter>Header Files</Filter>
    </ClInclude>
    <ClInclude Include="Deck.h">
      <Filter>Header Files</Filter>
    </ClInclude>
    <ClInclude Include="Player.h">
      <Filter>Header Files</Filter>
    </ClInclude>
    <ClInclude Include="AIPlayer.h">
      <Filter>Header Files</Filter>
    </ClInclude>
    <ClInclude Include="RuleSet.h">
      <Filter>Header Files</Filter>
    </ClInclude>
    <ClInclude Include="InteractableRect.h">
      <Filter>Header Files</Filter>
    </ClInclude>
    <ClInclude Include="LobbyPlayer.h">
      <Filter>Header Files</Filter>
    </ClInclude>
    <ClInclude Include="Button.h">
      <Filter>Header Files</Filter>
    </ClInclude>
    <ClInclude Include="TurnDecisionOverlayInterface.h">
      <Filter>Header Files</Filter>
    </ClInclude>
    <ClInclude Include="TurnAction.h">
      <Filter>Header Files</Filter>
    </ClInclude>
    <ClInclude Include="TurnActionSequence.h">
      <Filter>Header Files</Filter>
    </ClInclude>
    <ClInclude Include="TurnDecisionAction.h">
      <Filter>Header Files</Filter>
    </ClInclude>
    <ClInclude Include="GeneralOverlayInterface.h">
      <Filter>Header Files</Filter>
    </ClInclude>
    <ClInclude Include="OverlayManager.h">
      <Filter>Header Files</Filter>
    </ClInclude>
    <ClInclude Include="CurrentGameInterface.h">
      <Filter>Header Files</Filter>
    </ClInclude>
    <ClInclude Include="RecentCardPile.h">
      <Filter>Header Files</Filter>
    </ClInclude>
    <ClInclude Include="PlayDirectionAnimation.h">
      <Filter>Header Files</Filter>
    </ClInclude>
    <ClInclude Include="Game.h">
      <Filter>Header Files</Filter>
    </ClInclude>
    <ClInclude Include="PauseInterface.h">
      <Filter>Header Files</Filter>
    </ClInclude>
    <ClInclude Include="KeepOrPlayOverlay.h">
      <Filter>Header Files</Filter>
    </ClInclude>
    <ClInclude Include="PolygonShape.h">
      <Filter>Header Files</Filter>
    </ClInclude>
    <ClInclude Include="ChallengeFailedOverlay.h">
      <Filter>Header Files</Filter>
    </ClInclude>
    <ClInclude Include="ChallengeOverlay.h">
      <Filter>Header Files</Filter>
    </ClInclude>
    <ClInclude Include="ChallengeSuccessOverlay.h">
      <Filter>Header Files</Filter>
    </ClInclude>
  </ItemGroup>
</Project>