
Microsoft Visual Studio Solution File, Format Version 12.00
# Visual Studio 15
VisualStudioVersion = 15.0.28307.271
MinimumVisualStudioVersion = 10.0.40219.1
Project("{8BC9CEB8-8B4A-11D0-8D11-00A0C91BC942}") = "Uno-CPP", "Uno-CPP\Uno-CPP.vcxproj", "{C55E0077-382D-4567-916A-14DE72D17F40}"
EndProject
Project("{2150E333-8FDC-42A3-9474-1A3956D46DE8}") = "Solution Items", "Solution Items", "{56999387-0CBF-48F2-9196-F5C90E80B2AB}"
	ProjectSection(SolutionItems) = preProject
		arial.ttf = arial.ttf
	EndProjectSection
EndProject
Global
	GlobalSection(SolutionConfigurationPlatforms) = preSolution
		Debug|x64 = Debug|x64
		Debug|x86 = Debug|x86
		Release|x64 = Release|x64
		Release|x86 = Release|x86
	EndGlobalSection
	GlobalSection(ProjectConfigurationPlatforms) = postSolution
		{C55E0077-382D-4567-916A-14DE72D17F40}.Debug|x64.ActiveCfg = Debug|x64
		{C55E0077-382D-4567-916A-14DE72D17F40}.Debug|x64.Build.0 = Debug|x64
		{C55E0077-382D-4567-916A-14DE72D17F40}.Debug|x86.ActiveCfg = Debug|Win32
		{C55E0077-382D-4567-916A-14DE72D17F40}.Debug|x86.Build.0 = Debug|Win32
		{C55E0077-382D-4567-916A-14DE72D17F40}.Release|x64.ActiveCfg = Release|x64
		{C55E0077-382D-4567-916A-14DE72D17F40}.Release|x64.Build.0 = Release|x64
		{C55E0077-382D-4567-916A-14DE72D17F40}.Release|x86.ActiveCfg = Release|Win32
		{C55E0077-382D-4567-916A-14DE72D17F40}.Release|x86.Build.0 = Release|Win32
	EndGlobalSection
	GlobalSection(SolutionProperties) = preSolution
		HideSolutionNode = FALSE
	EndGlobalSection
	GlobalSection(ExtensibilityGlobals) = postSolution
		SolutionGuid = {51F417EE-93BF-4CFB-9940-5EB0130EC191}
	EndGlobalSection
EndGlobal
